
Microsoft Visual Studio Solution File, Format Version 12.00
# Visual Studio Version 16
VisualStudioVersion = 16.0.30320.27
MinimumVisualStudioVersion = 10.0.40219.1
Project("{2150E333-8FDC-42A3-9474-1A3956D46DE8}") = "API", "API", "{541D9DBB-F92B-4E01-929C-C73563DC803E}"
EndProject
Project("{2150E333-8FDC-42A3-9474-1A3956D46DE8}") = "Application", "Application", "{A0AE3BAD-7744-4677-BF1F-B92AB1831997}"
EndProject
Project("{2150E333-8FDC-42A3-9474-1A3956D46DE8}") = "Data", "Data", "{C8BE1F7F-47D7-4F86-A190-CE05C34B6022}"
EndProject
Project("{9A19103F-16F7-4668-BE54-9A1E7A4F7556}") = "Gmail_POC.Application", "Source\Gmail_POC.Application\Gmail_POC.Application.csproj", "{CC8C3351-34DB-4517-A4A6-17312B5FC1A8}"
EndProject
Project("{9A19103F-16F7-4668-BE54-9A1E7A4F7556}") = "Gmail_POC.Data", "Source\Gmail_POC.Data\Gmail_POC.Data.csproj", "{EC6478BA-5EC5-4621-8753-B4B9E679D697}"
EndProject
Project("{2150E333-8FDC-42A3-9474-1A3956D46DE8}") = "Source", "Source", "{8418C434-F604-42C7-91C7-F249735DF429}"
EndProject
Project("{2150E333-8FDC-42A3-9474-1A3956D46DE8}") = "Tests", "Tests", "{EFF3A951-D84A-4E46-B19B-C9B33DF98546}"
EndProject
Project("{2150E333-8FDC-42A3-9474-1A3956D46DE8}") = "Deployment", "Deployment", "{2158F62C-2A07-4784-A6BD-E5F2D9C85336}"
EndProject

Project("{2150E333-8FDC-42A3-9474-1A3956D46DE8}") = "Info", "Info", "{634150D0-AFE2-495F-8BAB-A894AB489DC5}"
	ProjectSection(SolutionItems) = preProject
		Info\Readme.txt = Info\Readme.txt
	EndProjectSection
EndProject
Project("{2150E333-8FDC-42A3-9474-1A3956D46DE8}") = "IOC", "IOC", "{381BA880-47C7-4945-8491-B9141F93B517}"
EndProject
Project("{9A19103F-16F7-4668-BE54-9A1E7A4F7556}") = "Gmail_POC.IoC", "Source\Gmail_POC.IOC\Gmail_POC.IoC.csproj", "{2427AAE7-9A92-46CC-91D6-97414DCAD608}"
EndProject
Project("{9A19103F-16F7-4668-BE54-9A1E7A4F7556}") = "Gmail_POC.API", "Source\Gmail_POC.API\Gmail_POC.API.csproj", "{E1DC39E5-17CE-4877-B016-BBA299294E3B}"
EndProject
Project("{9A19103F-16F7-4668-BE54-9A1E7A4F7556}") = "Gmail_POC.UnitTests", "Tests\Gmail_POC.UnitTests\Gmail_POC.UnitTests.csproj", "{3F9E93BD-2C9B-4773-9245-44B9548991D7}"
EndProject
Project("{2150E333-8FDC-42A3-9474-1A3956D46DE8}") = "Scripts", "Scripts", "{6257B643-166B-4F18-BE43-5F17885D9413}"
EndProject
Project("{2150E333-8FDC-42A3-9474-1A3956D46DE8}") = "Database", "Database", "{B1BF721C-5F5A-4A31-AD0B-C95350ED9750}"
EndProject
Project("{2150E333-8FDC-42A3-9474-1A3956D46DE8}") = "Utility", "Utility", "{2AF9005E-B916-4F0D-969B-7ECAFA038ABE}"
EndProject
Project("{9A19103F-16F7-4668-BE54-9A1E7A4F7556}") = "Gmail_POC.Utility", "Source\Gmail_POC.Utility\Gmail_POC.Utility.csproj", "{876C4F6E-1228-4216-A227-B284047B99DB}"
EndProject
Global
	GlobalSection(SolutionConfigurationPlatforms) = preSolution
		Debug|Any CPU = Debug|Any CPU
		Release|Any CPU = Release|Any CPU
	EndGlobalSection
	GlobalSection(ProjectConfigurationPlatforms) = postSolution
		{CC8C3351-34DB-4517-A4A6-17312B5FC1A8}.Debug|Any CPU.ActiveCfg = Debug|Any CPU
		{CC8C3351-34DB-4517-A4A6-17312B5FC1A8}.Debug|Any CPU.Build.0 = Debug|Any CPU
		{CC8C3351-34DB-4517-A4A6-17312B5FC1A8}.Release|Any CPU.ActiveCfg = Release|Any CPU
		{CC8C3351-34DB-4517-A4A6-17312B5FC1A8}.Release|Any CPU.Build.0 = Release|Any CPU
		{EC6478BA-5EC5-4621-8753-B4B9E679D697}.Debug|Any CPU.ActiveCfg = Debug|Any CPU
		{EC6478BA-5EC5-4621-8753-B4B9E679D697}.Debug|Any CPU.Build.0 = Debug|Any CPU
		{EC6478BA-5EC5-4621-8753-B4B9E679D697}.Release|Any CPU.ActiveCfg = Release|Any CPU
		{EC6478BA-5EC5-4621-8753-B4B9E679D697}.Release|Any CPU.Build.0 = Release|Any CPU
		{2427AAE7-9A92-46CC-91D6-97414DCAD608}.Debug|Any CPU.ActiveCfg = Debug|Any CPU
		{2427AAE7-9A92-46CC-91D6-97414DCAD608}.Debug|Any CPU.Build.0 = Debug|Any CPU
		{2427AAE7-9A92-46CC-91D6-97414DCAD608}.Release|Any CPU.ActiveCfg = Release|Any CPU
		{2427AAE7-9A92-46CC-91D6-97414DCAD608}.Release|Any CPU.Build.0 = Release|Any CPU
		{E1DC39E5-17CE-4877-B016-BBA299294E3B}.Debug|Any CPU.ActiveCfg = Debug|Any CPU
		{E1DC39E5-17CE-4877-B016-BBA299294E3B}.Debug|Any CPU.Build.0 = Debug|Any CPU
		{E1DC39E5-17CE-4877-B016-BBA299294E3B}.Release|Any CPU.ActiveCfg = Release|Any CPU
		{E1DC39E5-17CE-4877-B016-BBA299294E3B}.Release|Any CPU.Build.0 = Release|Any CPU
		{3F9E93BD-2C9B-4773-9245-44B9548991D7}.Debug|Any CPU.ActiveCfg = Debug|Any CPU
		{3F9E93BD-2C9B-4773-9245-44B9548991D7}.Debug|Any CPU.Build.0 = Debug|Any CPU
		{3F9E93BD-2C9B-4773-9245-44B9548991D7}.Release|Any CPU.ActiveCfg = Release|Any CPU
		{3F9E93BD-2C9B-4773-9245-44B9548991D7}.Release|Any CPU.Build.0 = Release|Any CPU
		{876C4F6E-1228-4216-A227-B284047B99DB}.Debug|Any CPU.ActiveCfg = Debug|Any CPU
		{876C4F6E-1228-4216-A227-B284047B99DB}.Debug|Any CPU.Build.0 = Debug|Any CPU
		{876C4F6E-1228-4216-A227-B284047B99DB}.Release|Any CPU.ActiveCfg = Release|Any CPU
		{876C4F6E-1228-4216-A227-B284047B99DB}.Release|Any CPU.Build.0 = Release|Any CPU
	EndGlobalSection
	GlobalSection(SolutionProperties) = preSolution
		HideSolutionNode = FALSE
	EndGlobalSection
	GlobalSection(NestedProjects) = preSolution
		{541D9DBB-F92B-4E01-929C-C73563DC803E} = {8418C434-F604-42C7-91C7-F249735DF429}
		{A0AE3BAD-7744-4677-BF1F-B92AB1831997} = {8418C434-F604-42C7-91C7-F249735DF429}
		{C8BE1F7F-47D7-4F86-A190-CE05C34B6022} = {8418C434-F604-42C7-91C7-F249735DF429}
		{CC8C3351-34DB-4517-A4A6-17312B5FC1A8} = {A0AE3BAD-7744-4677-BF1F-B92AB1831997}
		{EC6478BA-5EC5-4621-8753-B4B9E679D697} = {C8BE1F7F-47D7-4F86-A190-CE05C34B6022}
		{2158F62C-2A07-4784-A6BD-E5F2D9C85336} = {6257B643-166B-4F18-BE43-5F17885D9413}
		{D2D0DA64-9279-4B6E-AFE4-E9AFADC527B0} = {6257B643-166B-4F18-BE43-5F17885D9413}
		{381BA880-47C7-4945-8491-B9141F93B517} = {8418C434-F604-42C7-91C7-F249735DF429}
		{2427AAE7-9A92-46CC-91D6-97414DCAD608} = {381BA880-47C7-4945-8491-B9141F93B517}
		{E1DC39E5-17CE-4877-B016-BBA299294E3B} = {541D9DBB-F92B-4E01-929C-C73563DC803E}
		{3F9E93BD-2C9B-4773-9245-44B9548991D7} = {EFF3A951-D84A-4E46-B19B-C9B33DF98546}
		{B1BF721C-5F5A-4A31-AD0B-C95350ED9750} = {6257B643-166B-4F18-BE43-5F17885D9413}
		{2AF9005E-B916-4F0D-969B-7ECAFA038ABE} = {8418C434-F604-42C7-91C7-F249735DF429}
		{876C4F6E-1228-4216-A227-B284047B99DB} = {2AF9005E-B916-4F0D-969B-7ECAFA038ABE}
	EndGlobalSection
	GlobalSection(ExtensibilityGlobals) = postSolution
		SolutionGuid = {BAA55384-9D57-4927-9ED3-A10A7DA11A70}
	EndGlobalSection
EndGlobal
